
Microsoft Visual Studio Solution File, Format Version 12.00
# Visual Studio 15
VisualStudioVersion = 15.0.27703.2026
MinimumVisualStudioVersion = 10.0.40219.1
Project("{FAE04EC0-301F-11D3-BF4B-00C04F79EFBC}") = "WolfCorpBot", "WolfCorpBot\WolfCorpBot.csproj", "{77082F18-7857-4A22-8249-692CA91EE3BE}"
EndProject
Global
	GlobalSection(SolutionConfigurationPlatforms) = preSolution
		Debug|Any CPU = Debug|Any CPU
		Release|Any CPU = Release|Any CPU
	EndGlobalSection
	GlobalSection(ProjectConfigurationPlatforms) = postSolution
		{77082F18-7857-4A22-8249-692CA91EE3BE}.Debug|Any CPU.ActiveCfg = Debug|Any CPU
		{77082F18-7857-4A22-8249-692CA91EE3BE}.Debug|Any CPU.Build.0 = Debug|Any CPU
		{77082F18-7857-4A22-8249-692CA91EE3BE}.Release|Any CPU.ActiveCfg = Release|Any CPU
		{77082F18-7857-4A22-8249-692CA91EE3BE}.Release|Any CPU.Build.0 = Release|Any CPU
	EndGlobalSection
	GlobalSection(SolutionProperties) = preSolution
		HideSolutionNode = FALSE
	EndGlobalSection
	GlobalSection(ExtensibilityGlobals) = postSolution
		SolutionGuid = {61B4A9B7-5E1C-4CD2-9AE2-EDD49E8F4997}
	EndGlobalSection
EndGlobal
